
Microsoft Visual Studio Solution File, Format Version 12.00
# Visual Studio 2012
Project("{FAE04EC0-301F-11D3-BF4B-00C04F79EFBC}") = "ArticleSite._UnitTests", "ArticleSite._UnitTests\ArticleSite._UnitTests.csproj", "{089C753E-A261-4335-AB07-36770C2F2AE3}"
EndProject
Project("{FAE04EC0-301F-11D3-BF4B-00C04F79EFBC}") = "ArticleSite.Presentation", "ArticleSite.Presentation\ArticleSite.Presentation.csproj", "{13AD0E4B-037A-4612-898C-222D5704EE9B}"
EndProject
Project("{FAE04EC0-301F-11D3-BF4B-00C04F79EFBC}") = "ArticleSite.Model", "ArticleSite.Model\ArticleSite.Model.csproj", "{EE2A8C47-7FCB-4432-8BAF-1C75CD1CD8FC}"
EndProject
Project("{FAE04EC0-301F-11D3-BF4B-00C04F79EFBC}") = "ArticleSite.DataAccess", "ArticleSite.DataAccess\ArticleSite.DataAccess.csproj", "{6B12DBC6-AB9B-416E-B873-AF36BDD342AD}"
EndProject
Global
	GlobalSection(SolutionConfigurationPlatforms) = preSolution
		Debug|Any CPU = Debug|Any CPU
		Release|Any CPU = Release|Any CPU
	EndGlobalSection
	GlobalSection(ProjectConfigurationPlatforms) = postSolution
		{089C753E-A261-4335-AB07-36770C2F2AE3}.Debug|Any CPU.ActiveCfg = Debug|Any CPU
		{089C753E-A261-4335-AB07-36770C2F2AE3}.Debug|Any CPU.Build.0 = Debug|Any CPU
		{089C753E-A261-4335-AB07-36770C2F2AE3}.Release|Any CPU.ActiveCfg = Release|Any CPU
		{089C753E-A261-4335-AB07-36770C2F2AE3}.Release|Any CPU.Build.0 = Release|Any CPU
		{13AD0E4B-037A-4612-898C-222D5704EE9B}.Debug|Any CPU.ActiveCfg = Debug|Any CPU
		{13AD0E4B-037A-4612-898C-222D5704EE9B}.Debug|Any CPU.Build.0 = Debug|Any CPU
		{13AD0E4B-037A-4612-898C-222D5704EE9B}.Release|Any CPU.ActiveCfg = Release|Any CPU
		{13AD0E4B-037A-4612-898C-222D5704EE9B}.Release|Any CPU.Build.0 = Release|Any CPU
		{EE2A8C47-7FCB-4432-8BAF-1C75CD1CD8FC}.Debug|Any CPU.ActiveCfg = Debug|Any CPU
		{EE2A8C47-7FCB-4432-8BAF-1C75CD1CD8FC}.Debug|Any CPU.Build.0 = Debug|Any CPU
		{EE2A8C47-7FCB-4432-8BAF-1C75CD1CD8FC}.Release|Any CPU.ActiveCfg = Release|Any CPU
		{EE2A8C47-7FCB-4432-8BAF-1C75CD1CD8FC}.Release|Any CPU.Build.0 = Release|Any CPU
		{6B12DBC6-AB9B-416E-B873-AF36BDD342AD}.Debug|Any CPU.ActiveCfg = Debug|Any CPU
		{6B12DBC6-AB9B-416E-B873-AF36BDD342AD}.Debug|Any CPU.Build.0 = Debug|Any CPU
		{6B12DBC6-AB9B-416E-B873-AF36BDD342AD}.Release|Any CPU.ActiveCfg = Release|Any CPU
		{6B12DBC6-AB9B-416E-B873-AF36BDD342AD}.Release|Any CPU.Build.0 = Release|Any CPU
	EndGlobalSection
	GlobalSection(SolutionProperties) = preSolution
		HideSolutionNode = FALSE
	EndGlobalSection
EndGlobal
